
Microsoft Visual Studio Solution File, Format Version 12.00
# Visual Studio Version 17
VisualStudioVersion = 17.0.31903.59
MinimumVisualStudioVersion = 10.0.40219.1
Project("{2150E333-8FDC-42A3-9474-1A3956D46DE8}") = "src", "src", "{827E0CD3-B72D-47B6-A68D-7590B98EB39B}"
EndProject
Project("{FAE04EC0-301F-11D3-BF4B-00C04F79EFBC}") = "AppCloudBlog.API", "src\AppCloudBlog.API\AppCloudBlog.API.csproj", "{67D0E8BA-E403-49EB-B00D-971B466779C6}"
EndProject
Project("{FAE04EC0-301F-11D3-BF4B-00C04F79EFBC}") = "AppCloudBlog.Application", "src\AppCloudBlog.Application\AppCloudBlog.Application.csproj", "{C357973B-DACB-474C-B2F2-5A458E86378E}"
EndProject
Project("{FAE04EC0-301F-11D3-BF4B-00C04F79EFBC}") = "AppCloudBlog.Domain", "src\AppCloudBlog.Domain\AppCloudBlog.Domain.csproj", "{8DD2F424-DAB1-4705-9A5A-8D88036E8469}"
EndProject
Project("{FAE04EC0-301F-11D3-BF4B-00C04F79EFBC}") = "AppCloudBlog.Infrastructure.Persistence", "src\AppCloudBlog.Infrastructure.Persistence\AppCloudBlog.Infrastructure.Persistence.csproj", "{95987AD9-CFED-4B01-B0B4-A75B2BFC88F1}"
EndProject
Project("{FAE04EC0-301F-11D3-BF4B-00C04F79EFBC}") = "AppCloudBlog.Infrastructure.Shared", "src\AppCloudBlog.Infrastructure.Shared\AppCloudBlog.Infrastructure.Shared.csproj", "{C49C4E9F-333E-43E8-8125-2FFEEAE84776}"
EndProject
Project("{2150E333-8FDC-42A3-9474-1A3956D46DE8}") = "tests", "tests", "{0AB3BF05-4346-4AA6-1389-037BE0695223}"
EndProject
Project("{FAE04EC0-301F-11D3-BF4B-00C04F79EFBC}") = "AppCloudBlog.UnitTests", "tests\AppCloudBlog.UnitTests\AppCloudBlog.UnitTests.csproj", "{EFC16604-047E-4E13-9AC7-64CE8BFB485B}"
EndProject
Project("{FAE04EC0-301F-11D3-BF4B-00C04F79EFBC}") = "AppCloudBlog.IntegrationTests", "tests\AppCloudBlog.IntegrationTests\AppCloudBlog.IntegrationTests.csproj", "{0F728F82-555B-4C70-8001-3AD381177CCD}"
EndProject
Project("{FAE04EC0-301F-11D3-BF4B-00C04F79EFBC}") = "AppCloudBlog.Contracts", "src\AppCloudBlog.Contracts\AppCloudBlog.Contracts.csproj", "{8BDCD55D-9C85-47FF-AD83-29C3901F2945}"
EndProject
Global
	GlobalSection(SolutionConfigurationPlatforms) = preSolution
		Debug|Any CPU = Debug|Any CPU
		Debug|x64 = Debug|x64
		Debug|x86 = Debug|x86
		Release|Any CPU = Release|Any CPU
		Release|x64 = Release|x64
		Release|x86 = Release|x86
	EndGlobalSection
	GlobalSection(ProjectConfigurationPlatforms) = postSolution
		{67D0E8BA-E403-49EB-B00D-971B466779C6}.Debug|Any CPU.ActiveCfg = Debug|Any CPU
		{67D0E8BA-E403-49EB-B00D-971B466779C6}.Debug|Any CPU.Build.0 = Debug|Any CPU
		{67D0E8BA-E403-49EB-B00D-971B466779C6}.Debug|x64.ActiveCfg = Debug|Any CPU
		{67D0E8BA-E403-49EB-B00D-971B466779C6}.Debug|x64.Build.0 = Debug|Any CPU
		{67D0E8BA-E403-49EB-B00D-971B466779C6}.Debug|x86.ActiveCfg = Debug|Any CPU
		{67D0E8BA-E403-49EB-B00D-971B466779C6}.Debug|x86.Build.0 = Debug|Any CPU
		{67D0E8BA-E403-49EB-B00D-971B466779C6}.Release|Any CPU.ActiveCfg = Release|Any CPU
		{67D0E8BA-E403-49EB-B00D-971B466779C6}.Release|Any CPU.Build.0 = Release|Any CPU
		{67D0E8BA-E403-49EB-B00D-971B466779C6}.Release|x64.ActiveCfg = Release|Any CPU
		{67D0E8BA-E403-49EB-B00D-971B466779C6}.Release|x64.Build.0 = Release|Any CPU
		{67D0E8BA-E403-49EB-B00D-971B466779C6}.Release|x86.ActiveCfg = Release|Any CPU
		{67D0E8BA-E403-49EB-B00D-971B466779C6}.Release|x86.Build.0 = Release|Any CPU
		{C357973B-DACB-474C-B2F2-5A458E86378E}.Debug|Any CPU.ActiveCfg = Debug|Any CPU
		{C357973B-DACB-474C-B2F2-5A458E86378E}.Debug|Any CPU.Build.0 = Debug|Any CPU
		{C357973B-DACB-474C-B2F2-5A458E86378E}.Debug|x64.ActiveCfg = Debug|Any CPU
		{C357973B-DACB-474C-B2F2-5A458E86378E}.Debug|x64.Build.0 = Debug|Any CPU
		{C357973B-DACB-474C-B2F2-5A458E86378E}.Debug|x86.ActiveCfg = Debug|Any CPU
		{C357973B-DACB-474C-B2F2-5A458E86378E}.Debug|x86.Build.0 = Debug|Any CPU
		{C357973B-DACB-474C-B2F2-5A458E86378E}.Release|Any CPU.ActiveCfg = Release|Any CPU
		{C357973B-DACB-474C-B2F2-5A458E86378E}.Release|Any CPU.Build.0 = Release|Any CPU
		{C357973B-DACB-474C-B2F2-5A458E86378E}.Release|x64.ActiveCfg = Release|Any CPU
		{C357973B-DACB-474C-B2F2-5A458E86378E}.Release|x64.Build.0 = Release|Any CPU
		{C357973B-DACB-474C-B2F2-5A458E86378E}.Release|x86.ActiveCfg = Release|Any CPU
		{C357973B-DACB-474C-B2F2-5A458E86378E}.Release|x86.Build.0 = Release|Any CPU
		{8DD2F424-DAB1-4705-9A5A-8D88036E8469}.Debug|Any CPU.ActiveCfg = Debug|Any CPU
		{8DD2F424-DAB1-4705-9A5A-8D88036E8469}.Debug|Any CPU.Build.0 = Debug|Any CPU
		{8DD2F424-DAB1-4705-9A5A-8D88036E8469}.Debug|x64.ActiveCfg = Debug|Any CPU
		{8DD2F424-DAB1-4705-9A5A-8D88036E8469}.Debug|x64.Build.0 = Debug|Any CPU
		{8DD2F424-DAB1-4705-9A5A-8D88036E8469}.Debug|x86.ActiveCfg = Debug|Any CPU
		{8DD2F424-DAB1-4705-9A5A-8D88036E8469}.Debug|x86.Build.0 = Debug|Any CPU
		{8DD2F424-DAB1-4705-9A5A-8D88036E8469}.Release|Any CPU.ActiveCfg = Release|Any CPU
		{8DD2F424-DAB1-4705-9A5A-8D88036E8469}.Release|Any CPU.Build.0 = Release|Any CPU
		{8DD2F424-DAB1-4705-9A5A-8D88036E8469}.Release|x64.ActiveCfg = Release|Any CPU
		{8DD2F424-DAB1-4705-9A5A-8D88036E8469}.Release|x64.Build.0 = Release|Any CPU
		{8DD2F424-DAB1-4705-9A5A-8D88036E8469}.Release|x86.ActiveCfg = Release|Any CPU
		{8DD2F424-DAB1-4705-9A5A-8D88036E8469}.Release|x86.Build.0 = Release|Any CPU
		{95987AD9-CFED-4B01-B0B4-A75B2BFC88F1}.Debug|Any CPU.ActiveCfg = Debug|Any CPU
		{95987AD9-CFED-4B01-B0B4-A75B2BFC88F1}.Debug|Any CPU.Build.0 = Debug|Any CPU
		{95987AD9-CFED-4B01-B0B4-A75B2BFC88F1}.Debug|x64.ActiveCfg = Debug|Any CPU
		{95987AD9-CFED-4B01-B0B4-A75B2BFC88F1}.Debug|x64.Build.0 = Debug|Any CPU
		{95987AD9-CFED-4B01-B0B4-A75B2BFC88F1}.Debug|x86.ActiveCfg = Debug|Any CPU
		{95987AD9-CFED-4B01-B0B4-A75B2BFC88F1}.Debug|x86.Build.0 = Debug|Any CPU
		{95987AD9-CFED-4B01-B0B4-A75B2BFC88F1}.Release|Any CPU.ActiveCfg = Release|Any CPU
		{95987AD9-CFED-4B01-B0B4-A75B2BFC88F1}.Release|Any CPU.Build.0 = Release|Any CPU
		{95987AD9-CFED-4B01-B0B4-A75B2BFC88F1}.Release|x64.ActiveCfg = Release|Any CPU
		{95987AD9-CFED-4B01-B0B4-A75B2BFC88F1}.Release|x64.Build.0 = Release|Any CPU
		{95987AD9-CFED-4B01-B0B4-A75B2BFC88F1}.Release|x86.ActiveCfg = Release|Any CPU
		{95987AD9-CFED-4B01-B0B4-A75B2BFC88F1}.Release|x86.Build.0 = Release|Any CPU
		{C49C4E9F-333E-43E8-8125-2FFEEAE84776}.Debug|Any CPU.ActiveCfg = Debug|Any CPU
		{C49C4E9F-333E-43E8-8125-2FFEEAE84776}.Debug|Any CPU.Build.0 = Debug|Any CPU
		{C49C4E9F-333E-43E8-8125-2FFEEAE84776}.Debug|x64.ActiveCfg = Debug|Any CPU
		{C49C4E9F-333E-43E8-8125-2FFEEAE84776}.Debug|x64.Build.0 = Debug|Any CPU
		{C49C4E9F-333E-43E8-8125-2FFEEAE84776}.Debug|x86.ActiveCfg = Debug|Any CPU
		{C49C4E9F-333E-43E8-8125-2FFEEAE84776}.Debug|x86.Build.0 = Debug|Any CPU
		{C49C4E9F-333E-43E8-8125-2FFEEAE84776}.Release|Any CPU.ActiveCfg = Release|Any CPU
		{C49C4E9F-333E-43E8-8125-2FFEEAE84776}.Release|Any CPU.Build.0 = Release|Any CPU
		{C49C4E9F-333E-43E8-8125-2FFEEAE84776}.Release|x64.ActiveCfg = Release|Any CPU
		{C49C4E9F-333E-43E8-8125-2FFEEAE84776}.Release|x64.Build.0 = Release|Any CPU
		{C49C4E9F-333E-43E8-8125-2FFEEAE84776}.Release|x86.ActiveCfg = Release|Any CPU
		{C49C4E9F-333E-43E8-8125-2FFEEAE84776}.Release|x86.Build.0 = Release|Any CPU
		{EFC16604-047E-4E13-9AC7-64CE8BFB485B}.Debug|Any CPU.ActiveCfg = Debug|Any CPU
		{EFC16604-047E-4E13-9AC7-64CE8BFB485B}.Debug|Any CPU.Build.0 = Debug|Any CPU
		{EFC16604-047E-4E13-9AC7-64CE8BFB485B}.Debug|x64.ActiveCfg = Debug|Any CPU
		{EFC16604-047E-4E13-9AC7-64CE8BFB485B}.Debug|x64.Build.0 = Debug|Any CPU
		{EFC16604-047E-4E13-9AC7-64CE8BFB485B}.Debug|x86.ActiveCfg = Debug|Any CPU
		{EFC16604-047E-4E13-9AC7-64CE8BFB485B}.Debug|x86.Build.0 = Debug|Any CPU
		{EFC16604-047E-4E13-9AC7-64CE8BFB485B}.Release|Any CPU.ActiveCfg = Release|Any CPU
		{EFC16604-047E-4E13-9AC7-64CE8BFB485B}.Release|Any CPU.Build.0 = Release|Any CPU
		{EFC16604-047E-4E13-9AC7-64CE8BFB485B}.Release|x64.ActiveCfg = Release|Any CPU
		{EFC16604-047E-4E13-9AC7-64CE8BFB485B}.Release|x64.Build.0 = Release|Any CPU
		{EFC16604-047E-4E13-9AC7-64CE8BFB485B}.Release|x86.ActiveCfg = Release|Any CPU
		{EFC16604-047E-4E13-9AC7-64CE8BFB485B}.Release|x86.Build.0 = Release|Any CPU
		{0F728F82-555B-4C70-8001-3AD381177CCD}.Debug|Any CPU.ActiveCfg = Debug|Any CPU
		{0F728F82-555B-4C70-8001-3AD381177CCD}.Debug|Any CPU.Build.0 = Debug|Any CPU
		{0F728F82-555B-4C70-8001-3AD381177CCD}.Debug|x64.ActiveCfg = Debug|Any CPU
		{0F728F82-555B-4C70-8001-3AD381177CCD}.Debug|x64.Build.0 = Debug|Any CPU
		{0F728F82-555B-4C70-8001-3AD381177CCD}.Debug|x86.ActiveCfg = Debug|Any CPU
		{0F728F82-555B-4C70-8001-3AD381177CCD}.Debug|x86.Build.0 = Debug|Any CPU
		{0F728F82-555B-4C70-8001-3AD381177CCD}.Release|Any CPU.ActiveCfg = Release|Any CPU
		{0F728F82-555B-4C70-8001-3AD381177CCD}.Release|Any CPU.Build.0 = Release|Any CPU
		{0F728F82-555B-4C70-8001-3AD381177CCD}.Release|x64.ActiveCfg = Release|Any CPU
		{0F728F82-555B-4C70-8001-3AD381177CCD}.Release|x64.Build.0 = Release|Any CPU
		{0F728F82-555B-4C70-8001-3AD381177CCD}.Release|x86.ActiveCfg = Release|Any CPU
		{0F728F82-555B-4C70-8001-3AD381177CCD}.Release|x86.Build.0 = Release|Any CPU
		{8BDCD55D-9C85-47FF-AD83-29C3901F2945}.Debug|Any CPU.ActiveCfg = Debug|Any CPU
		{8BDCD55D-9C85-47FF-AD83-29C3901F2945}.Debug|Any CPU.Build.0 = Debug|Any CPU
		{8BDCD55D-9C85-47FF-AD83-29C3901F2945}.Debug|x64.ActiveCfg = Debug|Any CPU
		{8BDCD55D-9C85-47FF-AD83-29C3901F2945}.Debug|x64.Build.0 = Debug|Any CPU
		{8BDCD55D-9C85-47FF-AD83-29C3901F2945}.Debug|x86.ActiveCfg = Debug|Any CPU
		{8BDCD55D-9C85-47FF-AD83-29C3901F2945}.Debug|x86.Build.0 = Debug|Any CPU
		{8BDCD55D-9C85-47FF-AD83-29C3901F2945}.Release|Any CPU.ActiveCfg = Release|Any CPU
		{8BDCD55D-9C85-47FF-AD83-29C3901F2945}.Release|Any CPU.Build.0 = Release|Any CPU
		{8BDCD55D-9C85-47FF-AD83-29C3901F2945}.Release|x64.ActiveCfg = Release|Any CPU
		{8BDCD55D-9C85-47FF-AD83-29C3901F2945}.Release|x64.Build.0 = Release|Any CPU
		{8BDCD55D-9C85-47FF-AD83-29C3901F2945}.Release|x86.ActiveCfg = Release|Any CPU
		{8BDCD55D-9C85-47FF-AD83-29C3901F2945}.Release|x86.Build.0 = Release|Any CPU
	EndGlobalSection
	GlobalSection(SolutionProperties) = preSolution
		HideSolutionNode = FALSE
	EndGlobalSection
	GlobalSection(NestedProjects) = preSolution
		{67D0E8BA-E403-49EB-B00D-971B466779C6} = {827E0CD3-B72D-47B6-A68D-7590B98EB39B}
		{C357973B-DACB-474C-B2F2-5A458E86378E} = {827E0CD3-B72D-47B6-A68D-7590B98EB39B}
		{8DD2F424-DAB1-4705-9A5A-8D88036E8469} = {827E0CD3-B72D-47B6-A68D-7590B98EB39B}
		{95987AD9-CFED-4B01-B0B4-A75B2BFC88F1} = {827E0CD3-B72D-47B6-A68D-7590B98EB39B}
		{C49C4E9F-333E-43E8-8125-2FFEEAE84776} = {827E0CD3-B72D-47B6-A68D-7590B98EB39B}
		{EFC16604-047E-4E13-9AC7-64CE8BFB485B} = {0AB3BF05-4346-4AA6-1389-037BE0695223}
		{0F728F82-555B-4C70-8001-3AD381177CCD} = {0AB3BF05-4346-4AA6-1389-037BE0695223}
		{8BDCD55D-9C85-47FF-AD83-29C3901F2945} = {827E0CD3-B72D-47B6-A68D-7590B98EB39B}
	EndGlobalSection
EndGlobal
